{
  "version": 4,
  "terraform_version": "1.10.5",
  "serial": 1,
  "lineage": "d18f176b-0219-4bdc-f512-c481845ab4c5",
  "outputs": {
    "cluster_arn": {
      "value": "arn:aws:ecs:us-east-1:340752842134:cluster/node-app-cluster",
      "type": "string"
    }
  },
  "resources": [
    {
      "mode": "managed",
      "type": "aws_ecs_cluster",
      "name": "my_cluster",
      "provider": "provider[\"registry.terraform.io/hashicorp/aws\"]",
      "instances": [
        {
          "schema_version": 0,
          "attributes": {
            "arn": "arn:aws:ecs:us-east-1:340752842134:cluster/node-app-cluster",
            "configuration": [],
            "id": "arn:aws:ecs:us-east-1:340752842134:cluster/node-app-cluster",
            "name": "node-app-cluster",
            "service_connect_defaults": [
              {
                "namespace": "arn:aws:servicediscovery:us-east-1:340752842134:namespace/ns-fsx4wzbphys5z5qn"
              }
            ],
            "setting": [
              {
                "name": "containerInsights",
                "value": "enhanced"
              }
            ],
            "tags": {
              "name": "node-app-cluster"
            },
            "tags_all": {
              "name": "node-app-cluster"
            }
          },
          "sensitive_attributes": [],
          "private": "eyJzY2hlbWFfdmVyc2lvbiI6IjAifQ=="
        }
      ]
    }
  ],
  "check_results": null
}
